
Microsoft Visual Studio Solution File, Format Version 12.00
# Visual Studio 15
VisualStudioVersion = 15.0.28307.438
MinimumVisualStudioVersion = 10.0.40219.1
Project("{FAE04EC0-301F-11D3-BF4B-00C04F79EFBC}") = "Act Desarrollo", "Act Desarrollo\Act Desarrollo.csproj", "{5733DE23-07E2-4804-804D-B1ED5F6217AC}"
EndProject
Global
	GlobalSection(SolutionConfigurationPlatforms) = preSolution
		Debug|Any CPU = Debug|Any CPU
		Release|Any CPU = Release|Any CPU
	EndGlobalSection
	GlobalSection(ProjectConfigurationPlatforms) = postSolution
		{5733DE23-07E2-4804-804D-B1ED5F6217AC}.Debug|Any CPU.ActiveCfg = Debug|Any CPU
		{5733DE23-07E2-4804-804D-B1ED5F6217AC}.Debug|Any CPU.Build.0 = Debug|Any CPU
		{5733DE23-07E2-4804-804D-B1ED5F6217AC}.Release|Any CPU.ActiveCfg = Release|Any CPU
		{5733DE23-07E2-4804-804D-B1ED5F6217AC}.Release|Any CPU.Build.0 = Release|Any CPU
	EndGlobalSection
	GlobalSection(SolutionProperties) = preSolution
		HideSolutionNode = FALSE
	EndGlobalSection
	GlobalSection(ExtensibilityGlobals) = postSolution
		SolutionGuid = {CE0BBFA7-83E9-4C16-8944-BD2186728F7F}
	EndGlobalSection
EndGlobal
